{
  "name": "demo",
  "version": "1.0.0",
  "lockfileVersion": 1,
  "requires": true,
  "dependencies": {
    "@coolaj86/urequest": {
      "version": "1.3.7",
      "resolved": "https://registry.npmjs.org/@coolaj86/urequest/-/urequest-1.3.7.tgz",
      "integrity": "sha512-PPrVYra9aWvZjSCKl/x1pJ9ZpXda1652oJrPBYy5rQumJJMkmTBN3ux+sK2xAUwVvv2wnewDlaQaHLxLwSHnIA=="
    },
    "@types/node": {
      "version": "17.0.10",
      "resolved": "https://registry.npmjs.org/@types/node/-/node-17.0.10.tgz",
      "integrity": "sha512-S/3xB4KzyFxYGCppyDt68yzBU9ysL88lSdIah4D6cptdcltc4NCPCAMc0+PCpg/lLIyC7IPvj2Z52OJWeIUkog=="
    },
    "cherry.ai": {
      "version": "1.0.10-dev1",
      "resolved": "https://registry.npmjs.org/cherry.ai/-/cherry.ai-1.0.10-dev1.tgz",
      "integrity": "sha512-tPZPnUuitbQZZFNbw1KWZePDLh+OjjBS+MY/LB4xpfvX+DONB5zZtgGQBnr/weYeGrlhX6QYo7PKFHQ8zipeFQ==",
      "requires": {
        "node-fetch": "^2.6.*"
      }
    },
    "node-fetch": {
      "version": "2.6.7",
      "resolved": "https://registry.npmjs.org/node-fetch/-/node-fetch-2.6.7.tgz",
      "integrity": "sha512-ZjMPFEfVx5j+y2yF35Kzx5sF7kDzxuDj6ziH4FFbOp87zKDZNx8yExJIb05OGF4Nlt9IHFIMBkRl41VdvcNdbQ==",
      "requires": {
        "whatwg-url": "^5.0.0"
      }
    },
    "ssl-root-cas": {
      "version": "1.3.1",
      "resolved": "https://registry.npmjs.org/ssl-root-cas/-/ssl-root-cas-1.3.1.tgz",
      "integrity": "sha512-KR8J210Wfvjh+iNE9jcQEgbG0VG2713PHreItx6aNCPnkFO8XChz1cJ4iuCGeBj0+8wukLmgHgJqX+O5kRjPkQ==",
      "requires": {
        "@coolaj86/urequest": "^1.3.6"
      }
    },
    "tr46": {
      "version": "0.0.3",
      "resolved": "https://registry.npmjs.org/tr46/-/tr46-0.0.3.tgz",
      "integrity": "sha1-gYT9NH2snNwYWZLzpmIuFLnZq2o="
    },
    "typescript": {
      "version": "4.5.5",
      "resolved": "https://registry.npmjs.org/typescript/-/typescript-4.5.5.tgz",
      "integrity": "sha512-TCTIul70LyWe6IJWT8QSYeA54WQe8EjQFU4wY52Fasj5UKx88LNYKCgBEHcOMOrFF1rKGbD8v/xcNWVUq9SymA==",
      "dev": true
    },
    "webidl-conversions": {
      "version": "3.0.1",
      "resolved": "https://registry.npmjs.org/webidl-conversions/-/webidl-conversions-3.0.1.tgz",
      "integrity": "sha1-JFNCdeKnvGvnvIZhHMFq4KVlSHE="
    },
    "whatwg-url": {
      "version": "5.0.0",
      "resolved": "https://registry.npmjs.org/whatwg-url/-/whatwg-url-5.0.0.tgz",
      "integrity": "sha1-lmRU6HZUYuN2RNNib2dCzotwll0=",
      "requires": {
        "tr46": "~0.0.3",
        "webidl-conversions": "^3.0.0"
      }
    }
  }
}
